{
  "name": "docusaurus-merger",
  "version": "0.1.0",
  "lockfileVersion": 2,
  "requires": true,
  "packages": {
    "": {
      "name": "docusaurus-merger",
      "version": "0.1.0",
      "license": "ISC",
      "dependencies": {
        "shelljs.exec": "^1.1.8"
      },
      "bin": {
        "docusaurus-merge": "bin/docusaurus-merge"
      }
    },
    "node_modules/shelljs.exec": {
      "version": "1.1.8",
      "resolved": "https://registry.npmjs.org/shelljs.exec/-/shelljs.exec-1.1.8.tgz",
      "integrity": "sha512-vFILCw+lzUtiwBAHV8/Ex8JsFjelFMdhONIsgKNLgTzeRckp2AOYRQtHJE/9LhNvdMmE27AGtzWx0+DHpwIwSw==",
      "engines": {
        "node": ">= 4.0.0"
      }
    }
  },
  "dependencies": {
    "shelljs.exec": {
      "version": "1.1.8",
      "resolved": "https://registry.npmjs.org/shelljs.exec/-/shelljs.exec-1.1.8.tgz",
      "integrity": "sha512-vFILCw+lzUtiwBAHV8/Ex8JsFjelFMdhONIsgKNLgTzeRckp2AOYRQtHJE/9LhNvdMmE27AGtzWx0+DHpwIwSw=="
    }
  }
}
